
Microsoft Visual Studio Solution File, Format Version 12.00
# Visual Studio Version 17
VisualStudioVersion = 17.10.35122.118
MinimumVisualStudioVersion = 10.0.40219.1
Project("{FAE04EC0-301F-11D3-BF4B-00C04F79EFBC}") = "ddostool", "ddostool\ddostool.csproj", "{469B98B1-8276-4D9B-9BC7-DF37D362894F}"
EndProject
Global
	GlobalSection(SolutionConfigurationPlatforms) = preSolution
		Debug|Any CPU = Debug|Any CPU
		Release|Any CPU = Release|Any CPU
	EndGlobalSection
	GlobalSection(ProjectConfigurationPlatforms) = postSolution
		{469B98B1-8276-4D9B-9BC7-DF37D362894F}.Debug|Any CPU.ActiveCfg = Debug|Any CPU
		{469B98B1-8276-4D9B-9BC7-DF37D362894F}.Debug|Any CPU.Build.0 = Debug|Any CPU
		{469B98B1-8276-4D9B-9BC7-DF37D362894F}.Release|Any CPU.ActiveCfg = Release|Any CPU
		{469B98B1-8276-4D9B-9BC7-DF37D362894F}.Release|Any CPU.Build.0 = Release|Any CPU
	EndGlobalSection
	GlobalSection(SolutionProperties) = preSolution
		HideSolutionNode = FALSE
	EndGlobalSection
	GlobalSection(ExtensibilityGlobals) = postSolution
		SolutionGuid = {722AC0CE-5AD2-4FD8-B35A-06F7ACF9722D}
	EndGlobalSection
EndGlobal
